#MicroXplorer Configuration settings - do not modify
File.Version=6
I2C1.IPParameters=Timing
I2C1.Timing=0x00303D5B
KeepUserPlacement=false
Mcu.Family=STM32L0
Mcu.IP0=FATFS
Mcu.IP1=I2C1
Mcu.IP2=NVIC
Mcu.IP3=RCC
Mcu.IP4=RTC
Mcu.IP5=SPI1
Mcu.IP6=SYS
Mcu.IP7=USB
Mcu.IP8=USB_DEVICE
Mcu.IPNb=9
Mcu.Name=STM32L052K(6-8)Ux
Mcu.Package=UFQFPN32
Mcu.Pin0=PC14-OSC32_IN
Mcu.Pin1=PC15-OSC32_OUT
Mcu.Pin10=PB2
Mcu.Pin11=PA8
Mcu.Pin12=PA9
Mcu.Pin13=PA10
Mcu.Pin14=PA11
Mcu.Pin15=PA12
Mcu.Pin16=PA13
Mcu.Pin17=PA14
Mcu.Pin18=PB4
Mcu.Pin19=PB5
Mcu.Pin2=PA0
Mcu.Pin20=PB6
Mcu.Pin21=PB7
Mcu.Pin22=VP_FATFS_VS_Generic
Mcu.Pin23=VP_RCC_LSE
Mcu.Pin24=VP_RTC_VS_RTC_Activate
Mcu.Pin25=VP_RTC_VS_RTC_Calendar
Mcu.Pin26=VP_RTC_VS_RTC_WakeUp_intern
Mcu.Pin27=VP_RTC_VS_RTC_Alarm_A_Intern
Mcu.Pin28=VP_SYS_V_PVD_IN
Mcu.Pin29=VP_SYS_VS_Systick
Mcu.Pin3=PA3
Mcu.Pin30=VP_USB_DEVICE_VS_USB_DEVICE_HID_FS
Mcu.Pin31=VP_STMicroelectronics.X-CUBE-MEMS1_VS_BoardOoComponentJjMEMS_7.0.0
Mcu.Pin4=PA4
Mcu.Pin5=PA5
Mcu.Pin6=PA6
Mcu.Pin7=PA7
Mcu.Pin8=PB0
Mcu.Pin9=PB1
Mcu.PinsNb=32
Mcu.ThirdParty0=STMicroelectronics.X-CUBE-MEMS1.7.0.0
Mcu.ThirdPartyNb=1
Mcu.UserConstants=
Mcu.UserName=STM32L052K6Ux
MxCube.Version=5.3.0
MxDb.Version=DB.5.0.30
NVIC.HardFault_IRQn=true\:0\:0\:false\:false\:true\:false\:false
NVIC.NonMaskableInt_IRQn=true\:0\:0\:false\:false\:true\:false\:false
NVIC.PendSV_IRQn=true\:0\:0\:false\:false\:true\:false\:false
NVIC.RCC_CRS_IRQn=true\:0\:0\:false\:false\:true\:true\:false
NVIC.SVC_IRQn=true\:0\:0\:false\:false\:true\:false\:false
NVIC.SysTick_IRQn=true\:0\:0\:false\:false\:false\:false\:true
NVIC.USB_IRQn=true\:0\:0\:false\:false\:true\:false\:true
PA0.Locked=true
PA0.Mode=SYS_WakeUp0
PA0.Signal=SYS_WKUP1
PA10.GPIOParameters=GPIO_Label
PA10.GPIO_Label=PeriodSel_1Min
PA10.Locked=true
PA10.Signal=GPIO_Input
PA11.Locked=true
PA11.Mode=Device
PA11.Signal=USB_DM
PA12.Locked=true
PA12.Mode=Device
PA12.Signal=USB_DP
PA13.Locked=true
PA13.Mode=Serial_Wire
PA13.Signal=SYS_SWDIO
PA14.Locked=true
PA14.Mode=Serial_Wire
PA14.Signal=SYS_SWCLK
PA3.GPIOParameters=GPIO_Label
PA3.GPIO_Label=FLASH_WP
PA3.Locked=true
PA3.Signal=GPIO_Output
PA4.GPIOParameters=GPIO_Label
PA4.GPIO_Label=FLASH_NSS
PA4.Locked=true
PA4.Mode=NSS_Signal_Hard_Output
PA4.Signal=SPI1_NSS
PA5.GPIOParameters=GPIO_Label
PA5.GPIO_Label=FLASH_SCK
PA5.Locked=true
PA5.Mode=Full_Duplex_Master
PA5.Signal=SPI1_SCK
PA6.GPIOParameters=GPIO_Label
PA6.GPIO_Label=FLASH_MISO
PA6.Locked=true
PA6.Mode=Full_Duplex_Master
PA6.Signal=SPI1_MISO
PA7.GPIOParameters=GPIO_Label
PA7.GPIO_Label=FLASH_MOSI
PA7.Locked=true
PA7.Mode=Full_Duplex_Master
PA7.Signal=SPI1_MOSI
PA8.GPIOParameters=GPIO_Label
PA8.GPIO_Label=PeriodSel_5Min
PA8.Locked=true
PA8.Signal=GPIO_Input
PA9.GPIOParameters=GPIO_Label
PA9.GPIO_Label=PeriodSel_2Min
PA9.Locked=true
PA9.Signal=GPIO_Input
PB0.GPIOParameters=GPIO_Label
PB0.GPIO_Label=FLASH_HOLD
PB0.Locked=true
PB0.Signal=GPIO_Output
PB1.GPIOParameters=GPIO_Label
PB1.GPIO_Label=FLASH_PWREN
PB1.Locked=true
PB1.Signal=GPIO_Output
PB2.GPIOParameters=GPIO_Label
PB2.GPIO_Label=PeriodSel_10Min
PB2.Locked=true
PB2.Signal=GPIO_Input
PB4.GPIOParameters=GPIO_Label
PB4.GPIO_Label=SENSOR_POWER
PB4.Locked=true
PB4.Signal=GPIO_Output
PB5.GPIOParameters=GPIO_Label
PB5.GPIO_Label=SENSOR_IRQ
PB5.Locked=true
PB5.Signal=GPXTI5
PB6.Locked=true
PB6.Mode=I2C
PB6.Signal=I2C1_SCL
PB7.Locked=true
PB7.Mode=I2C
PB7.Signal=I2C1_SDA
PC14-OSC32_IN.Locked=true
PC14-OSC32_IN.Mode=LSE-External-Oscillator
PC14-OSC32_IN.Signal=RCC_OSC32_IN
PC15-OSC32_OUT.Locked=true
PC15-OSC32_OUT.Mode=LSE-External-Oscillator
PC15-OSC32_OUT.Signal=RCC_OSC32_OUT
PCC.Battery=CR2450
PCC.Battery.Capacity=620.0
PCC.Battery.Compatibility=Yes
PCC.Battery.InParallel=1
PCC.Battery.InSeries=1
PCC.Battery.MaxContinuous=620.0
PCC.Battery.MaxPulseCurrent=0.0
PCC.Battery.NominalVoltage=3.0
PCC.Battery.SelfDischarge=0.083
PCC.Checker=true
PCC.Line=STM32L0x2
PCC.MCU=STM32L052K(6-8)Ux
PCC.PartNumber=STM32L052K6Ux
PCC.Seq0=5
PCC.Seq0.Step0.Average_Current=24.72 \u00B5A
PCC.Seq0.Step0.CPU_Frequency=32 kHz
PCC.Seq0.Step0.Category=In DS Table
PCC.Seq0.Step0.DMIPS=0.0304
PCC.Seq0.Step0.Duration=100 \u00B5s
PCC.Seq0.Step0.Frequency=65 kHz
PCC.Seq0.Step0.Memory=FLASH
PCC.Seq0.Step0.Mode=LOWPOWER_RUN
PCC.Seq0.Step0.Oscillator=MSI AHBDIV2
PCC.Seq0.Step0.Peripherals=FLASH GPIOA GPIOB PWR RTC SYS
PCC.Seq0.Step0.TaMax=105
PCC.Seq0.Step0.User's_Consumption=2 \u00B5A
PCC.Seq0.Step0.Vcore=Range3-Low
PCC.Seq0.Step0.Vdd=3.0
PCC.Seq0.Step0.Voltage_Source=Battery
PCC.Seq0.Step1.Average_Current=37.66 \u00B5A
PCC.Seq0.Step1.CPU_Frequency=65 kHz
PCC.Seq0.Step1.Category=In DS Table
PCC.Seq0.Step1.DMIPS=0.06175
PCC.Seq0.Step1.Duration=100 \u00B5s
PCC.Seq0.Step1.Frequency=65 kHz
PCC.Seq0.Step1.Memory=FLASH
PCC.Seq0.Step1.Mode=RUN
PCC.Seq0.Step1.Oscillator=MSI
PCC.Seq0.Step1.Peripherals=FLASH GPIOA GPIOB PWR RTC USB
PCC.Seq0.Step1.TaMax=105
PCC.Seq0.Step1.User's_Consumption=0 mA
PCC.Seq0.Step1.Vcore=Range3-Low
PCC.Seq0.Step1.Vdd=3.0
PCC.Seq0.Step1.Voltage_Source=Battery
PCC.Seq0.Step2.Average_Current=890 nA
PCC.Seq0.Step2.CPU_Frequency=0 Hz
PCC.Seq0.Step2.Category=In DS Table
PCC.Seq0.Step2.DMIPS=0.0
PCC.Seq0.Step2.Duration=1 s
PCC.Seq0.Step2.Frequency=0 Hz
PCC.Seq0.Step2.Memory=n/a
PCC.Seq0.Step2.Mode=STOP
PCC.Seq0.Step2.Oscillator=ALL CLOCKS OFF
PCC.Seq0.Step2.Peripherals=GPIOA* RTC
PCC.Seq0.Step2.TaMax=105
PCC.Seq0.Step2.User's_Consumption=0 mA
PCC.Seq0.Step2.Vcore=NoRange
PCC.Seq0.Step2.Vdd=3.0
PCC.Seq0.Step2.Voltage_Source=Battery
PCC.Seq0.Step3.Average_Current=100 \u00B5A
PCC.Seq0.Step3.CPU_Frequency=65 kHz
PCC.Seq0.Step3.Category=In DS Table
PCC.Seq0.Step3.DMIPS=0.0
PCC.Seq0.Step3.Duration=190 \u00B5s
PCC.Seq0.Step3.Frequency=65 kHz
PCC.Seq0.Step3.Memory=n/a
PCC.Seq0.Step3.Mode=WU_FROM_STOP
PCC.Seq0.Step3.Oscillator=MSI
PCC.Seq0.Step3.Peripherals=
PCC.Seq0.Step3.TaMax=104.99
PCC.Seq0.Step3.User's_Consumption=0 mA
PCC.Seq0.Step3.Vcore=NoRange
PCC.Seq0.Step3.Vdd=3.0
PCC.Seq0.Step3.Voltage_Source=Battery
PCC.Seq0.Step4.Average_Current=621.48 \u00B5A
PCC.Seq0.Step4.CPU_Frequency=4 MHz
PCC.Seq0.Step4.Category=In DS Table
PCC.Seq0.Step4.DMIPS=3.8
PCC.Seq0.Step4.Duration=12 ms
PCC.Seq0.Step4.Frequency=4 MHz
PCC.Seq0.Step4.Memory=FLASH
PCC.Seq0.Step4.Mode=RUN
PCC.Seq0.Step4.Oscillator=HSEBYP
PCC.Seq0.Step4.Peripherals=GPIOA GPIOB I2C1 RTC USB
PCC.Seq0.Step4.TaMax=104.93
PCC.Seq0.Step4.User's_Consumption=2 \u00B5A
PCC.Seq0.Step4.Vcore=Range3-Low
PCC.Seq0.Step4.Vdd=3.0
PCC.Seq0.Step4.Voltage_Source=Battery
PCC.Series=STM32L0
PCC.Temperature=25
PCC.Vdd=3.0
PinOutPanel.RotationAngle=0
ProjectManager.AskForMigrate=true
ProjectManager.BackupPrevious=false
ProjectManager.CompilerOptimize=6
ProjectManager.ComputerToolchain=false
ProjectManager.CoupleFile=false
ProjectManager.CustomerFirmwarePackage=
ProjectManager.DefaultFWLocation=true
ProjectManager.DeletePrevious=true
ProjectManager.DeviceId=STM32L052K6Ux
ProjectManager.FirmwarePackage=STM32Cube FW_L0 V1.11.2
ProjectManager.FreePins=true
ProjectManager.HalAssertFull=false
ProjectManager.HeapSize=0x200
ProjectManager.KeepUserCode=true
ProjectManager.LastFirmware=true
ProjectManager.LibraryCopy=1
ProjectManager.MainLocation=Src
ProjectManager.NoMain=false
ProjectManager.PreviousToolchain=
ProjectManager.ProjectBuild=false
ProjectManager.ProjectFileName=STL0-UTMP.ioc
ProjectManager.ProjectName=STL0-UTMP
ProjectManager.StackSize=0x400
ProjectManager.TargetToolchain=MDK-ARM V5
ProjectManager.ToolChainLocation=
ProjectManager.UnderRoot=false
ProjectManager.functionlistsort=1-MX_GPIO_Init-GPIO-false-LL-true,2-SystemClock_Config-RCC-false-LL-false,3-MX_RTC_Init-RTC-false-LL-true,4-MX_SPI1_Init-SPI1-false-LL-true,5-MX_FATFS_Init-FATFS-false-HAL-true,6-MX_USB_DEVICE_Init-USB_DEVICE-false-HAL-true,7-MX_MEMS_Init-STMicroelectronics.X-CUBE-MEMS1.7.0.0-false-HAL-true,8-MX_MEMS_Process-STMicroelectronics.X-CUBE-MEMS1.7.0.0-false-HAL-true
RCC.48CLKFreq_Value=48000000
RCC.48RNGFreq_Value=48000000
RCC.48USBFreq_Value=48000000
RCC.AHBFreq_Value=16000000
RCC.APB1Freq_Value=16000000
RCC.APB1TimFreq_Value=16000000
RCC.APB2Freq_Value=16000000
RCC.APB2TimFreq_Value=16000000
RCC.EnableCSSLSE=true
RCC.FCLKCortexFreq_Value=16000000
RCC.FamilyName=M
RCC.HCLKFreq_Value=16000000
RCC.HSI16_VALUE=16000000
RCC.HSI48MClockSelection=RCC_USBCLKSOURCE_HSI48
RCC.HSI48_VALUE=48000000
RCC.HSI_VALUE=16000000
RCC.I2C1Freq_Value=16000000
RCC.IPParameters=48CLKFreq_Value,48RNGFreq_Value,48USBFreq_Value,AHBFreq_Value,APB1Freq_Value,APB1TimFreq_Value,APB2Freq_Value,APB2TimFreq_Value,EnableCSSLSE,FCLKCortexFreq_Value,FamilyName,HCLKFreq_Value,HSI16_VALUE,HSI48MClockSelection,HSI48_VALUE,HSI_VALUE,I2C1Freq_Value,LPTIMFreq_Value,LSI_VALUE,MCOPinFreq_Value,MSIClockRange,MSI_VALUE,PLLCLKFreq_Value,PLLDIV,PLLMUL,PWRFreq_Value,PWR_Regulator_Voltage_Scale,RTCClockSelection,RTCClockSelectionVirtual,RTCFreq_Value,SYSCLKFreq_VALUE,SYSCLKSource,TIMFreq_Value,TimerFreq_Value,USART1Freq_Value,USART2Freq_Value,VCOOutputFreq_Value,WatchDogFreq_Value
RCC.LPTIMFreq_Value=16000000
RCC.LSI_VALUE=37000
RCC.MCOPinFreq_Value=16000000
RCC.MSIClockRange=RCC_MSIRANGE_6
RCC.MSI_VALUE=4194000
RCC.PLLCLKFreq_Value=32000000
RCC.PLLDIV=RCC_PLLDIV_3
RCC.PLLMUL=RCC_PLLMUL_6
RCC.PWRFreq_Value=16000000
RCC.PWR_Regulator_Voltage_Scale=PWR_REGULATOR_VOLTAGE_SCALE1
RCC.RTCClockSelection=RCC_RTCCLKSOURCE_LSE
RCC.RTCClockSelectionVirtual=RCC_RTCCLKSOURCE_LSE
RCC.RTCFreq_Value=32768
RCC.SYSCLKFreq_VALUE=16000000
RCC.SYSCLKSource=RCC_SYSCLKSOURCE_HSI
RCC.TIMFreq_Value=16000000
RCC.TimerFreq_Value=16000000
RCC.USART1Freq_Value=16000000
RCC.USART2Freq_Value=16000000
RCC.VCOOutputFreq_Value=96000000
RCC.WatchDogFreq_Value=37000
RTC.Alarm=RTC_ALARM_A
RTC.IPParameters=Alarm
SH.GPXTI5.0=GPIO_EXTI5
SH.GPXTI5.ConfNb=1
SPI1.BaudRatePrescaler=SPI_BAUDRATEPRESCALER_256
SPI1.CalculateBaudRate=62.5 KBits/s
SPI1.Direction=SPI_DIRECTION_2LINES
SPI1.IPParameters=VirtualType,Mode,Direction,CalculateBaudRate,VirtualNSS,BaudRatePrescaler
SPI1.Mode=SPI_MODE_MASTER
SPI1.VirtualNSS=VM_NSSHARD
SPI1.VirtualType=VM_MASTER
STMicroelectronics.X-CUBE-MEMS1.7.0.0.BSP.number=1
STMicroelectronics.X-CUBE-MEMS1.7.0.0.BoardOoComponentJjMEMS.apiComponent0=Board Extension\:IKS01A3
STMicroelectronics.X-CUBE-MEMS1.7.0.0.BoardOoComponentJjMEMS.apiComponent1=Board Extension\:IKS01A2
STMicroelectronics.X-CUBE-MEMS1.7.0.0.BoardOoComponentJjMEMS.apiComponent2=Board Extension\:IKS02A1
STMicroelectronics.X-CUBE-MEMS1.7.0.0.BoardOoComponentJjMEMS.apiDoc0=Documentation/X_CUBE_MEMS1.chm
STMicroelectronics.X-CUBE-MEMS1.7.0.0.BoardOoComponentJjMEMS.apiDoc1=Documentation/X_CUBE_MEMS1.chm
STMicroelectronics.X-CUBE-MEMS1.7.0.0.BoardOoComponentJjMEMS.apiDoc2=Documentation/X_CUBE_MEMS1.chm
STMicroelectronics.X-CUBE-MEMS1.7.0.0.BoardOoComponentJjMEMS.cmp_version0=7.0.0
STMicroelectronics.X-CUBE-MEMS1.7.0.0.BoardOoComponentJjMEMS.component0=Board Component
STMicroelectronics.X-CUBE-MEMS1.7.0.0.BoardOoComponentJjMEMS.description0=MEMS library for custom boards,STTS22H component driver
STMicroelectronics.X-CUBE-MEMS1.7.0.0.BoardOoComponentJjMEMS.diagnostic0=This component should operate correctly.
STMicroelectronics.X-CUBE-MEMS1.7.0.0.BoardOoComponentJjMEMS.documentation0=Documentation/STMicroelectronics.X-CUBE-MEMS1_GettingStarted.pdf
STMicroelectronics.X-CUBE-MEMS1.7.0.0.BoardOoComponentJjMEMS.group0=Temp
STMicroelectronics.X-CUBE-MEMS1.7.0.0.BoardOoComponentJjMEMS.paramName0=MEMSCcBoardOoComponentJjTempJjSTTS22H
STMicroelectronics.X-CUBE-MEMS1.7.0.0.BoardOoComponentJjMEMS.sevirity0=none
STMicroelectronics.X-CUBE-MEMS1.7.0.0.BoardOoComponentJjMEMS.sub-group0=STTS22H
STMicroelectronics.X-CUBE-MEMS1.7.0.0.BoardOoComponentJjMEMS.variant0=I2C
STMicroelectronics.X-CUBE-MEMS1.7.0.0.BoardOoComponentJjMEMS_Checked=true
STMicroelectronics.X-CUBE-MEMS1.7.0.0.BoardOoComponentJjMEMS_apiSize=3
STMicroelectronics.X-CUBE-MEMS1.7.0.0.BoardOoComponentJjMEMS_bundle=MEMS
STMicroelectronics.X-CUBE-MEMS1.7.0.0.BoardOoComponentJjMEMS_class=BoardOoComponent
STMicroelectronics.X-CUBE-MEMS1.7.0.0.BoardOoComponentJjMEMS_name=X-CUBE-MEMS1
STMicroelectronics.X-CUBE-MEMS1.7.0.0.BoardOoComponentJjMEMS_size=1
STMicroelectronics.X-CUBE-MEMS1.7.0.0.BoardOoComponentJjMEMS_vendor=STMicroelectronics
STMicroelectronics.X-CUBE-MEMS1.7.0.0.BoardOoComponentJjMEMS_version=7.0.0
STMicroelectronics.X-CUBE-MEMS1.7.0.0.IPParameters=MEMSCcBoardOoComponentJjTempJjSTTS22H
STMicroelectronics.X-CUBE-MEMS1.7.0.0.MEMSCcBoardOoComponentJjTempJjSTTS22H=I2C
STMicroelectronics.X-CUBE-MEMS1.7.0.00.BSP.STBoard=false
STMicroelectronics.X-CUBE-MEMS1.7.0.00.BSP.api=BSP_BUS_DRIVER
STMicroelectronics.X-CUBE-MEMS1.7.0.00.BSP.component=
STMicroelectronics.X-CUBE-MEMS1.7.0.00.BSP.condition=SEMBoardOoComponentJjTempJjSTTS22HJjI2C
STMicroelectronics.X-CUBE-MEMS1.7.0.00.BSP.i2caddr=0
STMicroelectronics.X-CUBE-MEMS1.7.0.00.BSP.i2creg=
STMicroelectronics.X-CUBE-MEMS1.7.0.00.BSP.instance=I2C1
STMicroelectronics.X-CUBE-MEMS1.7.0.00.BSP.ip=I2C
STMicroelectronics.X-CUBE-MEMS1.7.0.00.BSP.mode=I2C
STMicroelectronics.X-CUBE-MEMS1.7.0.00.BSP.name=STTS22H BUS IO driver
STMicroelectronics.X-CUBE-MEMS1.7.0.00.BSP.semaphore=
STMicroelectronics.X-CUBE-MEMS1.7.0.00.BSP.solution=I2C1
STMicroelectronics.X-CUBE-MEMS1.7.0.0_BoardOoComponentJjMEMS_RteComponent0=\#define STTS22H_TEMP_I2C
STMicroelectronics.X-CUBE-MEMS1.7.0.0_BoardOoComponentJjMEMS_RteComponentsize=1
STMicroelectronics.X-CUBE-MEMS1.7.0.0_BoardOoExtensionJjMEMS_RteComponentsize=0
STMicroelectronics.X-CUBE-MEMS1.7.0.0_BoardOoSupportJjSTM32CubeIiCustomIiBSPIiDrivers_RteComponentsize=0
STMicroelectronics.X-CUBE-MEMS1.7.0.0_DeviceJjApplication_RteComponentsize=0
STMicroelectronics.X-CUBE-MEMS1.7.0.0_SwParameter=MEMSCcBoardOoComponentJjTempJjSTTS22H\:I2C;
STMicroelectronics.X-CUBE-MEMS1.7.0.0_description=Drivers and sample applications for MEMS components
STMicroelectronics.X-CUBE-MEMS1.7.0.0_license=en.DM00367782.pdf
SYS.IPParameters=Mode
SYS.Mode=PWR_PVD_MODE_NORMAL
USB_DEVICE.CLASS_NAME_FS=HID
USB_DEVICE.IPParameters=VirtualMode,VirtualModeFS,CLASS_NAME_FS
USB_DEVICE.VirtualMode=Hid
USB_DEVICE.VirtualModeFS=Hid_FS
VP_FATFS_VS_Generic.Mode=User_defined
VP_FATFS_VS_Generic.Signal=FATFS_VS_Generic
VP_RCC_LSE.Mode=CRS SYNC Source LSE
VP_RCC_LSE.Signal=RCC_LSE
VP_RTC_VS_RTC_Activate.Mode=RTC_Enabled
VP_RTC_VS_RTC_Activate.Signal=RTC_VS_RTC_Activate
VP_RTC_VS_RTC_Alarm_A_Intern.Mode=Alarm A
VP_RTC_VS_RTC_Alarm_A_Intern.Signal=RTC_VS_RTC_Alarm_A_Intern
VP_RTC_VS_RTC_Calendar.Mode=RTC_Calendar
VP_RTC_VS_RTC_Calendar.Signal=RTC_VS_RTC_Calendar
VP_RTC_VS_RTC_WakeUp_intern.Mode=WakeUp
VP_RTC_VS_RTC_WakeUp_intern.Signal=RTC_VS_RTC_WakeUp_intern
VP_STMicroelectronics.X-CUBE-MEMS1_VS_BoardOoComponentJjMEMS_7.0.0.Mode=BoardOoComponentJjMEMS
VP_STMicroelectronics.X-CUBE-MEMS1_VS_BoardOoComponentJjMEMS_7.0.0.Signal=STMicroelectronics.X-CUBE-MEMS1_VS_BoardOoComponentJjMEMS_7.0.0
VP_SYS_VS_Systick.Mode=SysTick
VP_SYS_VS_Systick.Signal=SYS_VS_Systick
VP_SYS_V_PVD_IN.Mode=Mode_PVD_Int
VP_SYS_V_PVD_IN.Signal=SYS_V_PVD_IN
VP_USB_DEVICE_VS_USB_DEVICE_HID_FS.Mode=HID_FS
VP_USB_DEVICE_VS_USB_DEVICE_HID_FS.Signal=USB_DEVICE_VS_USB_DEVICE_HID_FS
board=custom
